
Microsoft Visual Studio Solution File, Format Version 12.00
# Visual Studio Version 16
VisualStudioVersion = 16.0.31729.503
MinimumVisualStudioVersion = 10.0.40219.1
Project("{9A19103F-16F7-4668-BE54-9A1E7A4F7556}") = "WebService", "WebService\WebService.csproj", "{0D5143F4-BB11-4DF7-BC91-BB219E34CBEC}"
EndProject
Project("{9A19103F-16F7-4668-BE54-9A1E7A4F7556}") = "DataServiceLib", "DataServiceLib\DataServiceLib.csproj", "{DD22C845-9798-452D-B806-6FBC1B0D40F5}"
EndProject
Project("{2150E333-8FDC-42A3-9474-1A3956D46DE8}") = "Solution Items", "Solution Items", "{109A62D1-B938-4504-9816-122021C0637B}"
	ProjectSection(SolutionItems) = preProject
		path.txt = path.txt
	EndProjectSection
EndProject
Global
	GlobalSection(SolutionConfigurationPlatforms) = preSolution
		Debug|Any CPU = Debug|Any CPU
		Release|Any CPU = Release|Any CPU
	EndGlobalSection
	GlobalSection(ProjectConfigurationPlatforms) = postSolution
		{0D5143F4-BB11-4DF7-BC91-BB219E34CBEC}.Debug|Any CPU.ActiveCfg = Debug|Any CPU
		{0D5143F4-BB11-4DF7-BC91-BB219E34CBEC}.Debug|Any CPU.Build.0 = Debug|Any CPU
		{0D5143F4-BB11-4DF7-BC91-BB219E34CBEC}.Release|Any CPU.ActiveCfg = Release|Any CPU
		{0D5143F4-BB11-4DF7-BC91-BB219E34CBEC}.Release|Any CPU.Build.0 = Release|Any CPU
		{DD22C845-9798-452D-B806-6FBC1B0D40F5}.Debug|Any CPU.ActiveCfg = Debug|Any CPU
		{DD22C845-9798-452D-B806-6FBC1B0D40F5}.Debug|Any CPU.Build.0 = Debug|Any CPU
		{DD22C845-9798-452D-B806-6FBC1B0D40F5}.Release|Any CPU.ActiveCfg = Release|Any CPU
		{DD22C845-9798-452D-B806-6FBC1B0D40F5}.Release|Any CPU.Build.0 = Release|Any CPU
	EndGlobalSection
	GlobalSection(SolutionProperties) = preSolution
		HideSolutionNode = FALSE
	EndGlobalSection
	GlobalSection(ExtensibilityGlobals) = postSolution
		SolutionGuid = {8D0EACF8-18A5-4814-B35B-A98B1A501810}
	EndGlobalSection
EndGlobal
